
Microsoft Visual Studio Solution File, Format Version 12.00
# Visual Studio Version 16
VisualStudioVersion = 16.0.31229.75
MinimumVisualStudioVersion = 10.0.40219.1
Project("{9A19103F-16F7-4668-BE54-9A1E7A4F7556}") = "Dental", "Dental.csproj", "{BAA50144-F1D2-4B5B-AD7B-2BDACB767CB8}"
EndProject
Global
	GlobalSection(SolutionConfigurationPlatforms) = preSolution
		Debug|Any CPU = Debug|Any CPU
		Release|Any CPU = Release|Any CPU
	EndGlobalSection
	GlobalSection(ProjectConfigurationPlatforms) = postSolution
		{BAA50144-F1D2-4B5B-AD7B-2BDACB767CB8}.Debug|Any CPU.ActiveCfg = Debug|Any CPU
		{BAA50144-F1D2-4B5B-AD7B-2BDACB767CB8}.Debug|Any CPU.Build.0 = Debug|Any CPU
		{BAA50144-F1D2-4B5B-AD7B-2BDACB767CB8}.Release|Any CPU.ActiveCfg = Release|Any CPU
		{BAA50144-F1D2-4B5B-AD7B-2BDACB767CB8}.Release|Any CPU.Build.0 = Release|Any CPU
	EndGlobalSection
	GlobalSection(SolutionProperties) = preSolution
		HideSolutionNode = FALSE
	EndGlobalSection
	GlobalSection(ExtensibilityGlobals) = postSolution
		SolutionGuid = {500672C8-0F1C-47D3-947E-192AED38754C}
	EndGlobalSection
EndGlobal
